
Microsoft Visual Studio Solution File, Format Version 12.00
# Visual Studio 15
VisualStudioVersion = 15.0.27703.2042
MinimumVisualStudioVersion = 10.0.40219.1
Project("{FAE04EC0-301F-11D3-BF4B-00C04F79EFBC}") = "CapaNegocios", "CapaNegocios\CapaNegocios.csproj", "{A8E526BE-7806-4A0B-A625-CE3BDF1796C6}"
EndProject
Project("{FAE04EC0-301F-11D3-BF4B-00C04F79EFBC}") = "CapaDatos", "CapaDatos\CapaDatos.csproj", "{C782690F-1DBC-48BB-86CC-EAE715178556}"
EndProject
Project("{FAE04EC0-301F-11D3-BF4B-00C04F79EFBC}") = "CapaPresentacion", "CapaPresentacion\CapaPresentacion.csproj", "{055DD2A4-E55E-415C-9850-E976A45F2963}"
EndProject
Global
	GlobalSection(SolutionConfigurationPlatforms) = preSolution
		Debug|Any CPU = Debug|Any CPU
		Release|Any CPU = Release|Any CPU
	EndGlobalSection
	GlobalSection(ProjectConfigurationPlatforms) = postSolution
		{A8E526BE-7806-4A0B-A625-CE3BDF1796C6}.Debug|Any CPU.ActiveCfg = Debug|Any CPU
		{A8E526BE-7806-4A0B-A625-CE3BDF1796C6}.Debug|Any CPU.Build.0 = Debug|Any CPU
		{A8E526BE-7806-4A0B-A625-CE3BDF1796C6}.Release|Any CPU.ActiveCfg = Release|Any CPU
		{A8E526BE-7806-4A0B-A625-CE3BDF1796C6}.Release|Any CPU.Build.0 = Release|Any CPU
		{C782690F-1DBC-48BB-86CC-EAE715178556}.Debug|Any CPU.ActiveCfg = Debug|Any CPU
		{C782690F-1DBC-48BB-86CC-EAE715178556}.Debug|Any CPU.Build.0 = Debug|Any CPU
		{C782690F-1DBC-48BB-86CC-EAE715178556}.Release|Any CPU.ActiveCfg = Release|Any CPU
		{C782690F-1DBC-48BB-86CC-EAE715178556}.Release|Any CPU.Build.0 = Release|Any CPU
		{055DD2A4-E55E-415C-9850-E976A45F2963}.Debug|Any CPU.ActiveCfg = Debug|Any CPU
		{055DD2A4-E55E-415C-9850-E976A45F2963}.Debug|Any CPU.Build.0 = Debug|Any CPU
		{055DD2A4-E55E-415C-9850-E976A45F2963}.Release|Any CPU.ActiveCfg = Release|Any CPU
		{055DD2A4-E55E-415C-9850-E976A45F2963}.Release|Any CPU.Build.0 = Release|Any CPU
	EndGlobalSection
	GlobalSection(SolutionProperties) = preSolution
		HideSolutionNode = FALSE
	EndGlobalSection
	GlobalSection(ExtensibilityGlobals) = postSolution
		SolutionGuid = {0F91BB19-C69F-4883-98B6-0DA549238B69}
	EndGlobalSection
EndGlobal
